
Microsoft Visual Studio Solution File, Format Version 12.00
# Visual Studio 15
VisualStudioVersion = 15.0.27004.2006
MinimumVisualStudioVersion = 10.0.40219.1
Project("{FAE04EC0-301F-11D3-BF4B-00C04F79EFBC}") = "StreamControlAPI", "StreamControl\StreamControlAPI.csproj", "{C00E2121-F54E-4810-BA7E-391469AA6AFF}"
EndProject
Project("{E24C65DC-7377-472B-9ABA-BC803B73C61A}") = "StreamControlView", "StreamControlView\", "{7702AB36-9E07-4659-9BC0-EB224A26900F}"
	ProjectSection(WebsiteProperties) = preProject
		TargetFrameworkMoniker = ".NETFramework,Version%3Dv4.5.2"
		Debug.AspNetCompiler.VirtualPath = "/localhost_51235"
		Debug.AspNetCompiler.PhysicalPath = "StreamControlView\"
		Debug.AspNetCompiler.TargetPath = "PrecompiledWeb\localhost_51235\"
		Debug.AspNetCompiler.Updateable = "true"
		Debug.AspNetCompiler.ForceOverwrite = "true"
		Debug.AspNetCompiler.FixedNames = "false"
		Debug.AspNetCompiler.Debug = "True"
		Release.AspNetCompiler.VirtualPath = "/localhost_51235"
		Release.AspNetCompiler.PhysicalPath = "StreamControlView\"
		Release.AspNetCompiler.TargetPath = "PrecompiledWeb\localhost_51235\"
		Release.AspNetCompiler.Updateable = "true"
		Release.AspNetCompiler.ForceOverwrite = "true"
		Release.AspNetCompiler.FixedNames = "false"
		Release.AspNetCompiler.Debug = "False"
		VWDPort = "51235"
		SlnRelativePath = "StreamControlView\"
	EndProjectSection
EndProject
Project("{FAE04EC0-301F-11D3-BF4B-00C04F79EFBC}") = "SifBot", "SifBotV3\SifBot.csproj", "{E87092CB-F5D8-4241-AB3C-87F7232E37CE}"
EndProject
Global
	GlobalSection(SolutionConfigurationPlatforms) = preSolution
		Debug|Any CPU = Debug|Any CPU
		Release|Any CPU = Release|Any CPU
	EndGlobalSection
	GlobalSection(ProjectConfigurationPlatforms) = postSolution
		{C00E2121-F54E-4810-BA7E-391469AA6AFF}.Debug|Any CPU.ActiveCfg = Debug|Any CPU
		{C00E2121-F54E-4810-BA7E-391469AA6AFF}.Debug|Any CPU.Build.0 = Debug|Any CPU
		{C00E2121-F54E-4810-BA7E-391469AA6AFF}.Release|Any CPU.ActiveCfg = Release|Any CPU
		{C00E2121-F54E-4810-BA7E-391469AA6AFF}.Release|Any CPU.Build.0 = Release|Any CPU
		{7702AB36-9E07-4659-9BC0-EB224A26900F}.Debug|Any CPU.ActiveCfg = Debug|Any CPU
		{7702AB36-9E07-4659-9BC0-EB224A26900F}.Debug|Any CPU.Build.0 = Debug|Any CPU
		{7702AB36-9E07-4659-9BC0-EB224A26900F}.Release|Any CPU.ActiveCfg = Debug|Any CPU
		{7702AB36-9E07-4659-9BC0-EB224A26900F}.Release|Any CPU.Build.0 = Debug|Any CPU
		{E87092CB-F5D8-4241-AB3C-87F7232E37CE}.Debug|Any CPU.ActiveCfg = Debug|Any CPU
		{E87092CB-F5D8-4241-AB3C-87F7232E37CE}.Debug|Any CPU.Build.0 = Debug|Any CPU
		{E87092CB-F5D8-4241-AB3C-87F7232E37CE}.Release|Any CPU.ActiveCfg = Release|Any CPU
		{E87092CB-F5D8-4241-AB3C-87F7232E37CE}.Release|Any CPU.Build.0 = Release|Any CPU
	EndGlobalSection
	GlobalSection(SolutionProperties) = preSolution
		HideSolutionNode = FALSE
	EndGlobalSection
	GlobalSection(ExtensibilityGlobals) = postSolution
		SolutionGuid = {80739D6B-BC04-4A2C-9808-6F9FB57D0ABC}
	EndGlobalSection
EndGlobal
